
Microsoft Visual Studio Solution File, Format Version 12.00
# Visual Studio Version 17
VisualStudioVersion = 17.14.36414.22 d17.14
MinimumVisualStudioVersion = 10.0.40219.1
Project("{FAE04EC0-301F-11D3-BF4B-00C04F79EFBC}") = "LW3_zavd2", "LW3_zavd2\LW3_zavd2.csproj", "{CDD8B747-6BB9-4C31-BA50-7A262DD8F6A4}"
EndProject
Global
	GlobalSection(SolutionConfigurationPlatforms) = preSolution
		Debug|Any CPU = Debug|Any CPU
		Release|Any CPU = Release|Any CPU
	EndGlobalSection
	GlobalSection(ProjectConfigurationPlatforms) = postSolution
		{CDD8B747-6BB9-4C31-BA50-7A262DD8F6A4}.Debug|Any CPU.ActiveCfg = Debug|Any CPU
		{CDD8B747-6BB9-4C31-BA50-7A262DD8F6A4}.Debug|Any CPU.Build.0 = Debug|Any CPU
		{CDD8B747-6BB9-4C31-BA50-7A262DD8F6A4}.Release|Any CPU.ActiveCfg = Release|Any CPU
		{CDD8B747-6BB9-4C31-BA50-7A262DD8F6A4}.Release|Any CPU.Build.0 = Release|Any CPU
	EndGlobalSection
	GlobalSection(SolutionProperties) = preSolution
		HideSolutionNode = FALSE
	EndGlobalSection
	GlobalSection(ExtensibilityGlobals) = postSolution
		SolutionGuid = {34833A50-A25A-480B-8F34-6D46429FD882}
	EndGlobalSection
EndGlobal
